
Microsoft Visual Studio Solution File, Format Version 12.00
Project("{FAE04EC0-301F-11D3-BF4B-00C04F79EFBC}") = "WWTBA.Core", "WWTBA.Core\WWTBA.Core.csproj", "{2814B985-14BD-4E8E-A329-2341528B096B}"
EndProject
Project("{FAE04EC0-301F-11D3-BF4B-00C04F79EFBC}") = "WWTBA.Repository", "WWTBA.Repository\WWTBA.Repository.csproj", "{D340B925-11C0-449D-9862-C129687B21FF}"
EndProject
Project("{FAE04EC0-301F-11D3-BF4B-00C04F79EFBC}") = "WWTBA.Service", "WWTBA.Service\WWTBA.Service.csproj", "{E734BA1D-0CE3-4922-AE9E-56C36A64EAE6}"
EndProject
Project("{FAE04EC0-301F-11D3-BF4B-00C04F79EFBC}") = "WWTBA.API", "WWTBA.API\WWTBA.API.csproj", "{07C49416-407D-4706-BF7A-F6D58DC532F6}"
EndProject
Project("{FAE04EC0-301F-11D3-BF4B-00C04F79EFBC}") = "WWTBA.Web", "WWTBA.Web\WWTBA.Web.csproj", "{262C016B-DC23-4C7A-B4EA-F1BE7EA3A9FD}"
EndProject
Project("{FAE04EC0-301F-11D3-BF4B-00C04F79EFBC}") = "WWTBA.Shared", "WWTBA.Shared\WWTBA.Shared.csproj", "{507D5F6B-4E1D-4350-8C85-2227F53C1F7A}"
EndProject
Global
	GlobalSection(SolutionConfigurationPlatforms) = preSolution
		Debug|Any CPU = Debug|Any CPU
		Release|Any CPU = Release|Any CPU
	EndGlobalSection
	GlobalSection(ProjectConfigurationPlatforms) = postSolution
		{2814B985-14BD-4E8E-A329-2341528B096B}.Debug|Any CPU.ActiveCfg = Debug|Any CPU
		{2814B985-14BD-4E8E-A329-2341528B096B}.Debug|Any CPU.Build.0 = Debug|Any CPU
		{2814B985-14BD-4E8E-A329-2341528B096B}.Release|Any CPU.ActiveCfg = Release|Any CPU
		{2814B985-14BD-4E8E-A329-2341528B096B}.Release|Any CPU.Build.0 = Release|Any CPU
		{D340B925-11C0-449D-9862-C129687B21FF}.Debug|Any CPU.ActiveCfg = Debug|Any CPU
		{D340B925-11C0-449D-9862-C129687B21FF}.Debug|Any CPU.Build.0 = Debug|Any CPU
		{D340B925-11C0-449D-9862-C129687B21FF}.Release|Any CPU.ActiveCfg = Release|Any CPU
		{D340B925-11C0-449D-9862-C129687B21FF}.Release|Any CPU.Build.0 = Release|Any CPU
		{E734BA1D-0CE3-4922-AE9E-56C36A64EAE6}.Debug|Any CPU.ActiveCfg = Debug|Any CPU
		{E734BA1D-0CE3-4922-AE9E-56C36A64EAE6}.Debug|Any CPU.Build.0 = Debug|Any CPU
		{E734BA1D-0CE3-4922-AE9E-56C36A64EAE6}.Release|Any CPU.ActiveCfg = Release|Any CPU
		{E734BA1D-0CE3-4922-AE9E-56C36A64EAE6}.Release|Any CPU.Build.0 = Release|Any CPU
		{07C49416-407D-4706-BF7A-F6D58DC532F6}.Debug|Any CPU.ActiveCfg = Debug|Any CPU
		{07C49416-407D-4706-BF7A-F6D58DC532F6}.Debug|Any CPU.Build.0 = Debug|Any CPU
		{07C49416-407D-4706-BF7A-F6D58DC532F6}.Release|Any CPU.ActiveCfg = Release|Any CPU
		{07C49416-407D-4706-BF7A-F6D58DC532F6}.Release|Any CPU.Build.0 = Release|Any CPU
		{262C016B-DC23-4C7A-B4EA-F1BE7EA3A9FD}.Debug|Any CPU.ActiveCfg = Debug|Any CPU
		{262C016B-DC23-4C7A-B4EA-F1BE7EA3A9FD}.Debug|Any CPU.Build.0 = Debug|Any CPU
		{262C016B-DC23-4C7A-B4EA-F1BE7EA3A9FD}.Release|Any CPU.ActiveCfg = Release|Any CPU
		{262C016B-DC23-4C7A-B4EA-F1BE7EA3A9FD}.Release|Any CPU.Build.0 = Release|Any CPU
		{507D5F6B-4E1D-4350-8C85-2227F53C1F7A}.Debug|Any CPU.ActiveCfg = Debug|Any CPU
		{507D5F6B-4E1D-4350-8C85-2227F53C1F7A}.Debug|Any CPU.Build.0 = Debug|Any CPU
		{507D5F6B-4E1D-4350-8C85-2227F53C1F7A}.Release|Any CPU.ActiveCfg = Release|Any CPU
		{507D5F6B-4E1D-4350-8C85-2227F53C1F7A}.Release|Any CPU.Build.0 = Release|Any CPU
	EndGlobalSection
EndGlobal
